<?xml version="1.0" encoding="utf-8"?>
<Project ToolsVersion="4.0" xmlns="http://schemas.microsoft.com/developer/msbuild/2003">
  <ItemGroup>
    <Filter Include="Arquivos de Origem">
      <UniqueIdentifier>{4FC737F1-C7A5-4376-A066-2A32D752A2FF}</UniqueIdentifier>
      <Extensions>cpp;c;cc;cxx;c++;cppm;ixx;def;odl;idl;hpj;bat;asm;asmx</Extensions>
    </Filter>
    <Filter Include="Arquivos de Cabeçalho">
      <UniqueIdentifier>{93995380-89BD-4b04-88EB-625FBE52EBFB}</UniqueIdentifier>
      <Extensions>h;hh;hpp;hxx;h++;hm;inl;inc;ipp;xsd</Extensions>
    </Filter>
    <Filter Include="Arquivos de Recurso">
      <UniqueIdentifier>{67DA6AB6-F800-4c08-8B7A-83BB121AAD01}</UniqueIdentifier>
      <Extensions>rc;ico;cur;bmp;dlg;rc2;rct;bin;rgs;gif;jpg;jpeg;jpe;resx;tiff;tif;png;wav;mfcribbon-ms</Extensions>
    </Filter>
    <Filter Include="Arquivos de Origem\Avaliacao">
      <UniqueIdentifier>{d5dc73f2-e5e5-4f1f-9bd2-27fe34d3263f}</UniqueIdentifier>
    </Filter>
    <Filter Include="Arquivos de Origem\Atividades">
      <UniqueIdentifier>{be8f17bd-dad2-4771-8c26-fe5fa5ced31d}</UniqueIdentifier>
    </Filter>
    <Filter Include="Arquivos de Origem\Atividades\ListaUm">
      <UniqueIdentifier>{fa5b2f07-d69e-4aca-bba2-f72f1d599daf}</UniqueIdentifier>
    </Filter>
    <Filter Include="Arquivos de Origem\Atividades\ListaDois">
      <UniqueIdentifier>{c5a8d982-214f-41cb-bb58-fd3de4c72f6a}</UniqueIdentifier>
    </Filter>
  </ItemGroup>
  <ItemGroup>
    <ClCompile Include="AvaliacaoUmAlgoritm.cpp">
      <Filter>Arquivos de Origem\Avaliacao</Filter>
    </ClCompile>
  </ItemGroup>
</Project>